{
  "name": "simple-bin",
  "version": "1.0.0",
  "lockfileVersion": 1,
  "requires": true,
  "dependencies": {
    "@cspotcode/source-map-consumer": {
      "version": "0.8.0",
      "resolved": "http://mirrors.cloud.tencent.com/npm/@cspotcode%2fsource-map-consumer/-/source-map-consumer-0.8.0.tgz",
      "integrity": "sha512-41qniHzTU8yAGbCp04ohlmSrZf8bkf/iJsl3V0dRGsQN/5GFfx+LbCSsCpp2gqrqjTVg/K6O8ycoV35JIwAzAg=="
    },
    "@cspotcode/source-map-support": {
      "version": "0.7.0",
      "resolved": "http://mirrors.cloud.tencent.com/npm/@cspotcode%2fsource-map-support/-/source-map-support-0.7.0.tgz",
      "integrity": "sha512-X4xqRHqN8ACt2aHVe51OxeA2HjbcL4MqFqXkrmQszJ1NOUuUu5u6Vqx/0lZSVNku7velL5FC/s5uEAj1lsBMhA==",
      "requires": {
        "@cspotcode/source-map-consumer": "0.8.0"
      }
    },
    "@hapi/accept": {
      "version": "5.0.2",
      "resolved": "http://mirrors.cloud.tencent.com/npm/@hapi%2faccept/-/accept-5.0.2.tgz",
      "integrity": "sha512-CmzBx/bXUR8451fnZRuZAJRlzgm0Jgu5dltTX/bszmR2lheb9BpyN47Q1RbaGTsvFzn0PXAEs+lXDKfshccYZw==",
      "requires": {
        "@hapi/boom": "9.x.x",
        "@hapi/hoek": "9.x.x"
      }
    },
    "@hapi/ammo": {
      "version": "5.0.1",
      "resolved": "http://mirrors.cloud.tencent.com/npm/@hapi%2fammo/-/ammo-5.0.1.tgz",
      "integrity": "sha512-FbCNwcTbnQP4VYYhLNGZmA76xb2aHg9AMPiy18NZyWMG310P5KdFGyA9v2rm5ujrIny77dEEIkMOwl0Xv+fSSA==",
      "requires": {
        "@hapi/hoek": "9.x.x"
      }
    },
    "@hapi/b64": {
      "version": "5.0.0",
      "resolved": "http://mirrors.cloud.tencent.com/npm/@hapi%2fb64/-/b64-5.0.0.tgz",
      "integrity": "sha512-ngu0tSEmrezoiIaNGG6rRvKOUkUuDdf4XTPnONHGYfSGRmDqPZX5oJL6HAdKTo1UQHECbdB4OzhWrfgVppjHUw==",
      "requires": {
        "@hapi/hoek": "9.x.x"
      }
    },
    "@hapi/boom": {
      "version": "9.1.4",
      "resolved": "https://mirrors.tencent.com/npm/@hapi%2fboom/-/boom-9.1.4.tgz",
      "integrity": "sha512-Ls1oH8jaN1vNsqcaHVYJrKmgMcKsC1wcp8bujvXrHaAqD2iDYq3HoOwsxwo09Cuda5R5nC0o0IxlrlTuvPuzSw==",
      "requires": {
        "@hapi/hoek": "9.x.x"
      }
    },
    "@hapi/bounce": {
      "version": "2.0.0",
      "resolved": "http://mirrors.cloud.tencent.com/npm/@hapi%2fbounce/-/bounce-2.0.0.tgz",
      "integrity": "sha512-JesW92uyzOOyuzJKjoLHM1ThiOvHPOLDHw01YV8yh5nCso7sDwJho1h0Ad2N+E62bZyz46TG3xhAi/78Gsct6A==",
      "requires": {
        "@hapi/boom": "9.x.x",
        "@hapi/hoek": "9.x.x"
      }
    },
    "@hapi/bourne": {
      "version": "2.0.0",
      "resolved": "https://mirrors.tencent.com/npm/@hapi%2fbourne/-/bourne-2.0.0.tgz",
      "integrity": "sha512-WEezM1FWztfbzqIUbsDzFRVMxSoLy3HugVcux6KDDtTqzPsLE8NDRHfXvev66aH1i2oOKKar3/XDjbvh/OUBdg=="
    },
    "@hapi/call": {
      "version": "8.0.1",
      "resolved": "http://mirrors.cloud.tencent.com/npm/@hapi%2fcall/-/call-8.0.1.tgz",
      "integrity": "sha512-bOff6GTdOnoe5b8oXRV3lwkQSb/LAWylvDMae6RgEWWntd0SHtkYbQukDHKlfaYtVnSAgIavJ0kqszF/AIBb6g==",
      "requires": {
        "@hapi/boom": "9.x.x",
        "@hapi/hoek": "9.x.x"
      }
    },
    "@hapi/catbox": {
      "version": "11.1.1",
      "resolved": "http://mirrors.cloud.tencent.com/npm/@hapi%2fcatbox/-/catbox-11.1.1.tgz",
      "integrity": "sha512-u/8HvB7dD/6X8hsZIpskSDo4yMKpHxFd7NluoylhGrL6cUfYxdQPnvUp9YU2C6F9hsyBVLGulBd9vBN1ebfXOQ==",
      "requires": {
        "@hapi/boom": "9.x.x",
        "@hapi/hoek": "9.x.x",
        "@hapi/podium": "4.x.x",
        "@hapi/validate": "1.x.x"
      }
    },
    "@hapi/catbox-memory": {
      "version": "5.0.1",
      "resolved": "http://mirrors.cloud.tencent.com/npm/@hapi%2fcatbox-memory/-/catbox-memory-5.0.1.tgz",
      "integrity": "sha512-QWw9nOYJq5PlvChLWV8i6hQHJYfvdqiXdvTupJFh0eqLZ64Xir7mKNi96d5/ZMUAqXPursfNDIDxjFgoEDUqeQ==",
      "requires": {
        "@hapi/boom": "9.x.x",
        "@hapi/hoek": "9.x.x"
      }
    },
    "@hapi/content": {
      "version": "5.0.2",
      "resolved": "http://mirrors.cloud.tencent.com/npm/@hapi%2fcontent/-/content-5.0.2.tgz",
      "integrity": "sha512-mre4dl1ygd4ZyOH3tiYBrOUBzV7Pu/EOs8VLGf58vtOEECWed8Uuw6B4iR9AN/8uQt42tB04qpVaMyoMQh0oMw==",
      "requires": {
        "@hapi/boom": "9.x.x"
      }
    },
    "@hapi/cryptiles": {
      "version": "5.1.0",
      "resolved": "http://mirrors.cloud.tencent.com/npm/@hapi%2fcryptiles/-/cryptiles-5.1.0.tgz",
      "integrity": "sha512-fo9+d1Ba5/FIoMySfMqPBR/7Pa29J2RsiPrl7bkwo5W5o+AN1dAYQRi4SPrPwwVxVGKjgLOEWrsvt1BonJSfLA==",
      "requires": {
        "@hapi/boom": "9.x.x"
      }
    },
    "@hapi/file": {
      "version": "2.0.0",
      "resolved": "http://mirrors.cloud.tencent.com/npm/@hapi%2ffile/-/file-2.0.0.tgz",
      "integrity": "sha512-WSrlgpvEqgPWkI18kkGELEZfXr0bYLtr16iIN4Krh9sRnzBZN6nnWxHFxtsnP684wueEySBbXPDg/WfA9xJdBQ=="
    },
    "@hapi/hapi": {
      "version": "20.2.1",
      "resolved": "http://mirrors.cloud.tencent.com/npm/@hapi%2fhapi/-/hapi-20.2.1.tgz",
      "integrity": "sha512-OXAU+yWLwkMfPFic+KITo+XPp6Oxpgc9WUH+pxXWcTIuvWbgco5TC/jS8UDvz+NFF5IzRgF2CL6UV/KLdQYUSQ==",
      "requires": {
        "@hapi/accept": "^5.0.1",
        "@hapi/ammo": "^5.0.1",
        "@hapi/boom": "^9.1.0",
        "@hapi/bounce": "^2.0.0",
        "@hapi/call": "^8.0.0",
        "@hapi/catbox": "^11.1.1",
        "@hapi/catbox-memory": "^5.0.0",
        "@hapi/heavy": "^7.0.1",
        "@hapi/hoek": "^9.0.4",
        "@hapi/mimos": "^6.0.0",
        "@hapi/podium": "^4.1.1",
        "@hapi/shot": "^5.0.5",
        "@hapi/somever": "^3.0.0",
        "@hapi/statehood": "^7.0.3",
        "@hapi/subtext": "^7.0.3",
        "@hapi/teamwork": "^5.1.0",
        "@hapi/topo": "^5.0.0",
        "@hapi/validate": "^1.1.1"
      }
    },
    "@hapi/heavy": {
      "version": "7.0.1",
      "resolved": "http://mirrors.cloud.tencent.com/npm/@hapi%2fheavy/-/heavy-7.0.1.tgz",
      "integrity": "sha512-vJ/vzRQ13MtRzz6Qd4zRHWS3FaUc/5uivV2TIuExGTM9Qk+7Zzqj0e2G7EpE6KztO9SalTbiIkTh7qFKj/33cA==",
      "requires": {
        "@hapi/boom": "9.x.x",
        "@hapi/hoek": "9.x.x",
        "@hapi/validate": "1.x.x"
      }
    },
    "@hapi/hoek": {
      "version": "9.2.1",
      "resolved": "http://mirrors.tencent.com/npm/@hapi%2fhoek/-/hoek-9.2.1.tgz",
      "integrity": "sha512-gfta+H8aziZsm8pZa0vj04KO6biEiisppNgA1kbJvFrrWu9Vm7eaUEy76DIxsuTaWvti5fkJVhllWc6ZTE+Mdw=="
    },
    "@hapi/inert": {
      "version": "6.0.4",
      "resolved": "http://mirrors.cloud.tencent.com/npm/@hapi%2finert/-/inert-6.0.4.tgz",
      "integrity": "sha512-tpmNqtCCAd+5Ts07bJmMaA79+ZUIf0zSWnQMaWtbcO4nGrO/yXB2AzoslfzFX2JEV9vGeF3FfL8mYw0pHl8VGg==",
      "requires": {
        "@hapi/ammo": "5.x.x",
        "@hapi/boom": "9.x.x",
        "@hapi/bounce": "2.x.x",
        "@hapi/hoek": "9.x.x",
        "@hapi/validate": "1.x.x",
        "lru-cache": "^6.0.0"
      }
    },
    "@hapi/iron": {
      "version": "6.0.0",
      "resolved": "http://mirrors.cloud.tencent.com/npm/@hapi%2firon/-/iron-6.0.0.tgz",
      "integrity": "sha512-zvGvWDufiTGpTJPG1Y/McN8UqWBu0k/xs/7l++HVU535NLHXsHhy54cfEMdW7EjwKfbBfM9Xy25FmTiobb7Hvw==",
      "requires": {
        "@hapi/b64": "5.x.x",
        "@hapi/boom": "9.x.x",
        "@hapi/bourne": "2.x.x",
        "@hapi/cryptiles": "5.x.x",
        "@hapi/hoek": "9.x.x"
      }
    },
    "@hapi/mimos": {
      "version": "6.0.0",
      "resolved": "http://mirrors.cloud.tencent.com/npm/@hapi%2fmimos/-/mimos-6.0.0.tgz",
      "integrity": "sha512-Op/67tr1I+JafN3R3XN5DucVSxKRT/Tc+tUszDwENoNpolxeXkhrJ2Czt6B6AAqrespHoivhgZBWYSuANN9QXg==",
      "requires": {
        "@hapi/hoek": "9.x.x",
        "mime-db": "1.x.x"
      }
    },
    "@hapi/nigel": {
      "version": "4.0.2",
      "resolved": "http://mirrors.cloud.tencent.com/npm/@hapi%2fnigel/-/nigel-4.0.2.tgz",
      "integrity": "sha512-ht2KoEsDW22BxQOEkLEJaqfpoKPXxi7tvabXy7B/77eFtOyG5ZEstfZwxHQcqAiZhp58Ae5vkhEqI03kawkYNw==",
      "requires": {
        "@hapi/hoek": "^9.0.4",
        "@hapi/vise": "^4.0.0"
      }
    },
    "@hapi/pez": {
      "version": "5.0.3",
      "resolved": "http://mirrors.cloud.tencent.com/npm/@hapi%2fpez/-/pez-5.0.3.tgz",
      "integrity": "sha512-mpikYRJjtrbJgdDHG/H9ySqYqwJ+QU/D7FXsYciS9P7NYBXE2ayKDAy3H0ou6CohOCaxPuTV4SZ0D936+VomHA==",
      "requires": {
        "@hapi/b64": "5.x.x",
        "@hapi/boom": "9.x.x",
        "@hapi/content": "^5.0.2",
        "@hapi/hoek": "9.x.x",
        "@hapi/nigel": "4.x.x"
      }
    },
    "@hapi/podium": {
      "version": "4.1.3",
      "resolved": "http://mirrors.cloud.tencent.com/npm/@hapi%2fpodium/-/podium-4.1.3.tgz",
      "integrity": "sha512-ljsKGQzLkFqnQxE7qeanvgGj4dejnciErYd30dbrYzUOF/FyS/DOF97qcrT3bhoVwCYmxa6PEMhxfCPlnUcD2g==",
      "requires": {
        "@hapi/hoek": "9.x.x",
        "@hapi/teamwork": "5.x.x",
        "@hapi/validate": "1.x.x"
      }
    },
    "@hapi/shot": {
      "version": "5.0.5",
      "resolved": "http://mirrors.cloud.tencent.com/npm/@hapi%2fshot/-/shot-5.0.5.tgz",
      "integrity": "sha512-x5AMSZ5+j+Paa8KdfCoKh+klB78otxF+vcJR/IoN91Vo2e5ulXIW6HUsFTCU+4W6P/Etaip9nmdAx2zWDimB2A==",
      "requires": {
        "@hapi/hoek": "9.x.x",
        "@hapi/validate": "1.x.x"
      }
    },
    "@hapi/somever": {
      "version": "3.0.1",
      "resolved": "http://mirrors.cloud.tencent.com/npm/@hapi%2fsomever/-/somever-3.0.1.tgz",
      "integrity": "sha512-4ZTSN3YAHtgpY/M4GOtHUXgi6uZtG9nEZfNI6QrArhK0XN/RDVgijlb9kOmXwCR5VclDSkBul9FBvhSuKXx9+w==",
      "requires": {
        "@hapi/bounce": "2.x.x",
        "@hapi/hoek": "9.x.x"
      }
    },
    "@hapi/statehood": {
      "version": "7.0.3",
      "resolved": "http://mirrors.cloud.tencent.com/npm/@hapi%2fstatehood/-/statehood-7.0.3.tgz",
      "integrity": "sha512-pYB+pyCHkf2Amh67QAXz7e/DN9jcMplIL7Z6N8h0K+ZTy0b404JKPEYkbWHSnDtxLjJB/OtgElxocr2fMH4G7w==",
      "requires": {
        "@hapi/boom": "9.x.x",
        "@hapi/bounce": "2.x.x",
        "@hapi/bourne": "2.x.x",
        "@hapi/cryptiles": "5.x.x",
        "@hapi/hoek": "9.x.x",
        "@hapi/iron": "6.x.x",
        "@hapi/validate": "1.x.x"
      }
    },
    "@hapi/subtext": {
      "version": "7.0.3",
      "resolved": "http://mirrors.cloud.tencent.com/npm/@hapi%2fsubtext/-/subtext-7.0.3.tgz",
      "integrity": "sha512-CekDizZkDGERJ01C0+TzHlKtqdXZxzSWTOaH6THBrbOHnsr3GY+yiMZC+AfNCypfE17RaIakGIAbpL2Tk1z2+A==",
      "requires": {
        "@hapi/boom": "9.x.x",
        "@hapi/bourne": "2.x.x",
        "@hapi/content": "^5.0.2",
        "@hapi/file": "2.x.x",
        "@hapi/hoek": "9.x.x",
        "@hapi/pez": "^5.0.1",
        "@hapi/wreck": "17.x.x"
      }
    },
    "@hapi/teamwork": {
      "version": "5.1.0",
      "resolved": "http://mirrors.cloud.tencent.com/npm/@hapi%2fteamwork/-/teamwork-5.1.0.tgz",
      "integrity": "sha512-llqoQTrAJDTXxG3c4Kz/uzhBS1TsmSBa/XG5SPcVXgmffHE1nFtyLIK0hNJHCB3EuBKT84adzd1hZNY9GJLWtg=="
    },
    "@hapi/topo": {
      "version": "5.1.0",
      "resolved": "https://mirrors.tencent.com/npm/@hapi%2ftopo/-/topo-5.1.0.tgz",
      "integrity": "sha512-foQZKJig7Ob0BMAYBfcJk8d77QtOe7Wo4ox7ff1lQYoNNAb6jwcY1ncdoy2e9wQZzvNy7ODZCYJkK8kzmcAnAg==",
      "requires": {
        "@hapi/hoek": "^9.0.0"
      }
    },
    "@hapi/validate": {
      "version": "1.1.3",
      "resolved": "http://mirrors.cloud.tencent.com/npm/@hapi%2fvalidate/-/validate-1.1.3.tgz",
      "integrity": "sha512-/XMR0N0wjw0Twzq2pQOzPBZlDzkekGcoCtzO314BpIEsbXdYGthQUbxgkGDf4nhk1+IPDAsXqWjMohRQYO06UA==",
      "requires": {
        "@hapi/hoek": "^9.0.0",
        "@hapi/topo": "^5.0.0"
      }
    },
    "@hapi/vise": {
      "version": "4.0.0",
      "resolved": "http://mirrors.cloud.tencent.com/npm/@hapi%2fvise/-/vise-4.0.0.tgz",
      "integrity": "sha512-eYyLkuUiFZTer59h+SGy7hUm+qE9p+UemePTHLlIWppEd+wExn3Df5jO04bFQTm7nleF5V8CtuYQYb+VFpZ6Sg==",
      "requires": {
        "@hapi/hoek": "9.x.x"
      }
    },
    "@hapi/wreck": {
      "version": "17.1.0",
      "resolved": "http://mirrors.cloud.tencent.com/npm/@hapi%2fwreck/-/wreck-17.1.0.tgz",
      "integrity": "sha512-nx6sFyfqOpJ+EFrHX+XWwJAxs3ju4iHdbB/bwR8yTNZOiYmuhA8eCe7lYPtYmb4j7vyK/SlbaQsmTtUrMvPEBw==",
      "requires": {
        "@hapi/boom": "9.x.x",
        "@hapi/bourne": "2.x.x",
        "@hapi/hoek": "9.x.x"
      }
    },
    "@sideway/address": {
      "version": "4.1.2",
      "resolved": "http://mirrors.cloud.tencent.com/npm/@sideway%2faddress/-/address-4.1.2.tgz",
      "integrity": "sha512-idTz8ibqWFrPU8kMirL0CoPH/A29XOzzAzpyN3zQ4kAWnzmNfFmRaoMNN6VI8ske5M73HZyhIaW4OuSFIdM4oA==",
      "requires": {
        "@hapi/hoek": "^9.0.0"
      }
    },
    "@sideway/formula": {
      "version": "3.0.0",
      "resolved": "http://mirrors.cloud.tencent.com/npm/@sideway%2fformula/-/formula-3.0.0.tgz",
      "integrity": "sha512-vHe7wZ4NOXVfkoRb8T5otiENVlT7a3IAiw7H5M2+GO+9CDgcVUUsX1zalAztCmwyOr2RUTGJdgB+ZvSVqmdHmg=="
    },
    "@sideway/pinpoint": {
      "version": "2.0.0",
      "resolved": "https://mirrors.tencent.com/npm/@sideway%2fpinpoint/-/pinpoint-2.0.0.tgz",
      "integrity": "sha512-RNiOoTPkptFtSVzQevY/yWtZwf/RxyVnPy/OcA9HBM3MlGDnBEYL5B41H0MTn0Uec8Hi+2qUtTfG2WWZBmMejQ=="
    },
    "@tsconfig/node10": {
      "version": "1.0.8",
      "resolved": "http://mirrors.cloud.tencent.com/npm/@tsconfig%2fnode10/-/node10-1.0.8.tgz",
      "integrity": "sha512-6XFfSQmMgq0CFLY1MslA/CPUfhIL919M1rMsa5lP2P097N2Wd1sSX0tx1u4olM16fLNhtHZpRhedZJphNJqmZg=="
    },
    "@tsconfig/node12": {
      "version": "1.0.9",
      "resolved": "https://mirrors.tencent.com/npm/@tsconfig%2fnode12/-/node12-1.0.9.tgz",
      "integrity": "sha512-/yBMcem+fbvhSREH+s14YJi18sp7J9jpuhYByADT2rypfajMZZN4WQ6zBGgBKp53NKmqI36wFYDb3yaMPurITw=="
    },
    "@tsconfig/node14": {
      "version": "1.0.1",
      "resolved": "http://mirrors.cloud.tencent.com/npm/@tsconfig%2fnode14/-/node14-1.0.1.tgz",
      "integrity": "sha512-509r2+yARFfHHE7T6Puu2jjkoycftovhXRqW328PDXTVGKihlb1P8Z9mMZH04ebyajfRY7dedfGynlrFHJUQCg=="
    },
    "@tsconfig/node16": {
      "version": "1.0.2",
      "resolved": "http://mirrors.cloud.tencent.com/npm/@tsconfig%2fnode16/-/node16-1.0.2.tgz",
      "integrity": "sha512-eZxlbI8GZscaGS7kkc/trHTT5xgrjH3/1n2JDwusC9iahPKWMRvRjJSAN5mCXviuTGQ/lHnhvv8Q1YTpnfz9gA=="
    },
    "@types/hapi__catbox": {
      "version": "10.2.4",
      "resolved": "http://mirrors.cloud.tencent.com/npm/@types%2fhapi__catbox/-/hapi__catbox-10.2.4.tgz",
      "integrity": "sha512-A6ivRrXD5glmnJna1UAGw87QNZRp/vdFO9U4GS+WhOMWzHnw+oTGkMvg0g6y1930CbeheGOCm7A1qHsqH7AXqg=="
    },
    "@types/hapi__hapi": {
      "version": "20.0.9",
      "resolved": "http://mirrors.cloud.tencent.com/npm/@types%2fhapi__hapi/-/hapi__hapi-20.0.9.tgz",
      "integrity": "sha512-fGpKScknCKZityRXdZgpCLGbm41R1ppFgnKHerfZlqOOlCX/jI129S6ghgBqkqCE8m9A0CIu1h7Ch04lD9KOoA==",
      "requires": {
        "@hapi/boom": "^9.0.0",
        "@hapi/iron": "^6.0.0",
        "@hapi/podium": "^4.1.3",
        "@types/hapi__catbox": "*",
        "@types/hapi__mimos": "*",
        "@types/hapi__shot": "*",
        "@types/node": "*",
        "joi": "^17.3.0"
      }
    },
    "@types/hapi__inert": {
      "version": "5.2.3",
      "resolved": "http://mirrors.cloud.tencent.com/npm/@types%2fhapi__inert/-/hapi__inert-5.2.3.tgz",
      "integrity": "sha512-I1mWQrEc7oMqGtofT0rwBgRBCBurz0wNzbq8QZsHWR+aXM0bk1j9GA6zwyGIeO53PNl2C1c2kpXlc084xCV+Tg==",
      "requires": {
        "@types/hapi__hapi": "*"
      }
    },
    "@types/hapi__mimos": {
      "version": "4.1.4",
      "resolved": "http://mirrors.cloud.tencent.com/npm/@types%2fhapi__mimos/-/hapi__mimos-4.1.4.tgz",
      "integrity": "sha512-i9hvJpFYTT/qzB5xKWvDYaSXrIiNqi4ephi+5Lo6+DoQdwqPXQgmVVOZR+s3MBiHoFqsCZCX9TmVWG3HczmTEQ==",
      "requires": {
        "@types/mime-db": "*"
      }
    },
    "@types/hapi__shot": {
      "version": "4.1.2",
      "resolved": "http://mirrors.cloud.tencent.com/npm/@types%2fhapi__shot/-/hapi__shot-4.1.2.tgz",
      "integrity": "sha512-8wWgLVP1TeGqgzZtCdt+F+k15DWQvLG1Yv6ZzPfb3D5WIo5/S+GGKtJBVo2uNEcqabP5Ifc71QnJTDnTmw1axA==",
      "requires": {
        "@types/node": "*"
      }
    },
    "@types/mime-db": {
      "version": "1.43.1",
      "resolved": "http://mirrors.cloud.tencent.com/npm/@types%2fmime-db/-/mime-db-1.43.1.tgz",
      "integrity": "sha512-kGZJY+R+WnR5Rk+RPHUMERtb2qBRViIHCBdtUrY+NmwuGb8pQdfTqQiCKPrxpdoycl8KWm2DLdkpoSdt479XoQ=="
    },
    "@types/node": {
      "version": "16.11.6",
      "resolved": "https://mirrors.tencent.com/npm/@types%2fnode/-/node-16.11.6.tgz",
      "integrity": "sha512-ua7PgUoeQFjmWPcoo9khiPum3Pd60k4/2ZGXt18sm2Slk0W0xZTqt5Y0Ny1NyBiN1EVQ/+FaF9NcY4Qe6rwk5w=="
    },
    "@types/redis": {
      "version": "2.8.32",
      "resolved": "http://mirrors.cloud.tencent.com/npm/@types%2fredis/-/redis-2.8.32.tgz",
      "integrity": "sha512-7jkMKxcGq9p242exlbsVzuJb57KqHRhNl4dHoQu2Y5v9bCAbtIXXH0R3HleSQW4CTOqpHIYUW3t6tpUj4BVQ+w==",
      "dev": true,
      "requires": {
        "@types/node": "*"
      }
    },
    "acorn": {
      "version": "8.5.0",
      "resolved": "https://mirrors.tencent.com/npm/acorn/-/acorn-8.5.0.tgz",
      "integrity": "sha512-yXbYeFy+jUuYd3/CDcg2NkIYE991XYX/bje7LmjJigUciaeO1JR4XxXgCIV1/Zc/dRuFEyw1L0pbA+qynJkW5Q=="
    },
    "acorn-walk": {
      "version": "8.2.0",
      "resolved": "https://mirrors.tencent.com/npm/acorn-walk/-/acorn-walk-8.2.0.tgz",
      "integrity": "sha512-k+iyHEuPgSw6SbuDpGQM+06HQUa04DZ3o+F6CSzXMvvI5KMvnaEqXe+YVe555R9nn6GPt404fos4wcgpw12SDA=="
    },
    "arg": {
      "version": "4.1.3",
      "resolved": "http://mirrors.cloud.tencent.com/npm/arg/-/arg-4.1.3.tgz",
      "integrity": "sha512-58S9QDqG0Xx27YwPSt9fJxivjYl432YCwfDMfZ+71RAqUrZef7LrKQZ3LHLOwCS4FLNBplP533Zx895SeOCHvA=="
    },
    "create-require": {
      "version": "1.1.1",
      "resolved": "http://mirrors.cloud.tencent.com/npm/create-require/-/create-require-1.1.1.tgz",
      "integrity": "sha512-dcKFX3jn0MpIaXjisoRvexIJVEKzaq7z2rZKxf+MSr9TkdmHmsU4m2lcLojrj/FHl8mk5VxMmYA+ftRkP/3oKQ=="
    },
    "denque": {
      "version": "1.5.1",
      "resolved": "http://mirrors.cloud.tencent.com/npm/denque/-/denque-1.5.1.tgz",
      "integrity": "sha512-XwE+iZ4D6ZUB7mfYRMb5wByE8L74HCn30FBN7sWnXksWc1LO1bPDl67pBR9o/kC4z/xSNAwkMYcGgqDV3BE3Hw=="
    },
    "diff": {
      "version": "4.0.2",
      "resolved": "http://mirrors.cloud.tencent.com/npm/diff/-/diff-4.0.2.tgz",
      "integrity": "sha512-58lmxKSA4BNyLz+HHMUzlOEpg09FV+ev6ZMe3vJihgdxzgcwZ8VoEEPmALCZG9LmqfVoNMMKpttIYTVG6uDY7A=="
    },
    "joi": {
      "version": "17.4.2",
      "resolved": "http://mirrors.cloud.tencent.com/npm/joi/-/joi-17.4.2.tgz",
      "integrity": "sha512-Lm56PP+n0+Z2A2rfRvsfWVDXGEWjXxatPopkQ8qQ5mxCEhwHG+Ettgg5o98FFaxilOxozoa14cFhrE/hOzh/Nw==",
      "requires": {
        "@hapi/hoek": "^9.0.0",
        "@hapi/topo": "^5.0.0",
        "@sideway/address": "^4.1.0",
        "@sideway/formula": "^3.0.0",
        "@sideway/pinpoint": "^2.0.0"
      }
    },
    "lru-cache": {
      "version": "6.0.0",
      "resolved": "http://mirrors.tencent.com/npm/lru-cache/-/lru-cache-6.0.0.tgz",
      "integrity": "sha512-Jo6dJ04CmSjuznwJSS3pUeWmd/H0ffTlkXXgwZi+eq1UCmqQwCh+eLsYOYCwY991i2Fah4h1BEMCx4qThGbsiA==",
      "requires": {
        "yallist": "^4.0.0"
      }
    },
    "make-error": {
      "version": "1.3.6",
      "resolved": "https://mirrors.tencent.com/npm/make-error/-/make-error-1.3.6.tgz",
      "integrity": "sha512-s8UhlNe7vPKomQhC1qFelMokr/Sc3AgNbso3n74mVPA5LTZwkB9NlXf4XPamLxJE8h0gh73rM94xvwRT2CVInw=="
    },
    "mime-db": {
      "version": "1.50.0",
      "resolved": "https://mirrors.tencent.com/npm/mime-db/-/mime-db-1.50.0.tgz",
      "integrity": "sha512-9tMZCDlYHqeERXEHO9f/hKfNXhre5dK2eE/krIvUjZbS2KPcqGDfNShIWS1uW9XOTKQKqK6qbeOci18rbfW77A=="
    },
    "redis": {
      "version": "3.1.2",
      "resolved": "https://mirrors.tencent.com/npm/redis/-/redis-3.1.2.tgz",
      "integrity": "sha512-grn5KoZLr/qrRQVwoSkmzdbw6pwF+/rwODtrOr6vuBRiR/f3rjSTGupbF90Zpqm2oenix8Do6RV7pYEkGwlKkw==",
      "requires": {
        "denque": "^1.5.0",
        "redis-commands": "^1.7.0",
        "redis-errors": "^1.2.0",
        "redis-parser": "^3.0.0"
      }
    },
    "redis-commands": {
      "version": "1.7.0",
      "resolved": "http://mirrors.cloud.tencent.com/npm/redis-commands/-/redis-commands-1.7.0.tgz",
      "integrity": "sha512-nJWqw3bTFy21hX/CPKHth6sfhZbdiHP6bTawSgQBlKOVRG7EZkfHbbHwQJnrE4vsQf0CMNE+3gJ4Fmm16vdVlQ=="
    },
    "redis-errors": {
      "version": "1.2.0",
      "resolved": "http://mirrors.cloud.tencent.com/npm/redis-errors/-/redis-errors-1.2.0.tgz",
      "integrity": "sha1-62LSrbFeTq9GEMBK/hUpOEJQq60="
    },
    "redis-parser": {
      "version": "3.0.0",
      "resolved": "http://mirrors.cloud.tencent.com/npm/redis-parser/-/redis-parser-3.0.0.tgz",
      "integrity": "sha1-tm2CjNyv5rS4pCin3vTGvKwxyLQ=",
      "requires": {
        "redis-errors": "^1.0.0"
      }
    },
    "ts-node": {
      "version": "10.4.0",
      "resolved": "https://mirrors.tencent.com/npm/ts-node/-/ts-node-10.4.0.tgz",
      "integrity": "sha512-g0FlPvvCXSIO1JDF6S232P5jPYqBkRL9qly81ZgAOSU7rwI0stphCgd2kLiCrU9DjQCrJMWEqcNSjQL02s6d8A==",
      "requires": {
        "@cspotcode/source-map-support": "0.7.0",
        "@tsconfig/node10": "^1.0.7",
        "@tsconfig/node12": "^1.0.7",
        "@tsconfig/node14": "^1.0.0",
        "@tsconfig/node16": "^1.0.2",
        "acorn": "^8.4.1",
        "acorn-walk": "^8.1.1",
        "arg": "^4.1.0",
        "create-require": "^1.1.0",
        "diff": "^4.0.1",
        "make-error": "^1.1.1",
        "yn": "3.1.1"
      }
    },
    "typescript": {
      "version": "4.4.4",
      "resolved": "https://mirrors.tencent.com/npm/typescript/-/typescript-4.4.4.tgz",
      "integrity": "sha512-DqGhF5IKoBl8WNf8C1gu8q0xZSInh9j1kJJMqT3a94w1JzVaBU4EXOSMrz9yDqMT0xt3selp83fuFMQ0uzv6qA=="
    },
    "yallist": {
      "version": "4.0.0",
      "resolved": "https://mirrors.tencent.com/npm/yallist/-/yallist-4.0.0.tgz",
      "integrity": "sha512-3wdGidZyq5PB084XLES5TpOSRA3wjXAlIWMhum2kRcv/41Sn2emQ0dycQW4uZXLejwKvg6EsvbdlVL+FYEct7A=="
    },
    "yn": {
      "version": "3.1.1",
      "resolved": "http://mirrors.cloud.tencent.com/npm/yn/-/yn-3.1.1.tgz",
      "integrity": "sha512-Ux4ygGWsu2c7isFWe8Yu1YluJmqVhxqK2cLXNQA5AcC3QfbGNpM7fu0Y8b/z16pXLnFxZYvWhd3fhBY9DLmC6Q=="
    }
  }
}
